
Microsoft Visual Studio Solution File, Format Version 12.00
# Visual Studio Version 17
VisualStudioVersion = 17.0.31903.59
MinimumVisualStudioVersion = 10.0.40219.1
Project("{FAE04EC0-301F-11D3-BF4B-00C04F79EFBC}") = "application", "Api.Application\application.csproj", "{82ED3F92-A940-4B26-8D94-9AA5605F33AE}"
EndProject
Project("{FAE04EC0-301F-11D3-BF4B-00C04F79EFBC}") = "Domain", "Api.Domain\Domain.csproj", "{90006E53-2F5A-490F-BED7-E77E4C5D868F}"
EndProject
Project("{FAE04EC0-301F-11D3-BF4B-00C04F79EFBC}") = "Api.CrossCutting", "Api.CrossCutting\Api.CrossCutting.csproj", "{CFB10D6A-956D-4D19-BF07-B1839B9696D2}"
EndProject
Project("{FAE04EC0-301F-11D3-BF4B-00C04F79EFBC}") = "Data", "Api.Data\Data.csproj", "{C988D8FD-15AB-40B9-B714-37C719CC1541}"
EndProject
Global
	GlobalSection(SolutionConfigurationPlatforms) = preSolution
		Debug|Any CPU = Debug|Any CPU
		Release|Any CPU = Release|Any CPU
	EndGlobalSection
	GlobalSection(SolutionProperties) = preSolution
		HideSolutionNode = FALSE
	EndGlobalSection
	GlobalSection(ProjectConfigurationPlatforms) = postSolution
		{82ED3F92-A940-4B26-8D94-9AA5605F33AE}.Debug|Any CPU.ActiveCfg = Debug|Any CPU
		{82ED3F92-A940-4B26-8D94-9AA5605F33AE}.Debug|Any CPU.Build.0 = Debug|Any CPU
		{82ED3F92-A940-4B26-8D94-9AA5605F33AE}.Release|Any CPU.ActiveCfg = Release|Any CPU
		{82ED3F92-A940-4B26-8D94-9AA5605F33AE}.Release|Any CPU.Build.0 = Release|Any CPU
		{90006E53-2F5A-490F-BED7-E77E4C5D868F}.Debug|Any CPU.ActiveCfg = Debug|Any CPU
		{90006E53-2F5A-490F-BED7-E77E4C5D868F}.Debug|Any CPU.Build.0 = Debug|Any CPU
		{90006E53-2F5A-490F-BED7-E77E4C5D868F}.Release|Any CPU.ActiveCfg = Release|Any CPU
		{90006E53-2F5A-490F-BED7-E77E4C5D868F}.Release|Any CPU.Build.0 = Release|Any CPU
		{CFB10D6A-956D-4D19-BF07-B1839B9696D2}.Debug|Any CPU.ActiveCfg = Debug|Any CPU
		{CFB10D6A-956D-4D19-BF07-B1839B9696D2}.Debug|Any CPU.Build.0 = Debug|Any CPU
		{CFB10D6A-956D-4D19-BF07-B1839B9696D2}.Release|Any CPU.ActiveCfg = Release|Any CPU
		{CFB10D6A-956D-4D19-BF07-B1839B9696D2}.Release|Any CPU.Build.0 = Release|Any CPU
		{C988D8FD-15AB-40B9-B714-37C719CC1541}.Debug|Any CPU.ActiveCfg = Debug|Any CPU
		{C988D8FD-15AB-40B9-B714-37C719CC1541}.Debug|Any CPU.Build.0 = Debug|Any CPU
		{C988D8FD-15AB-40B9-B714-37C719CC1541}.Release|Any CPU.ActiveCfg = Release|Any CPU
		{C988D8FD-15AB-40B9-B714-37C719CC1541}.Release|Any CPU.Build.0 = Release|Any CPU
	EndGlobalSection
EndGlobal
